<?xml version="1.0" encoding="utf-8"?>
<Project ToolsVersion="4.0" xmlns="http://schemas.microsoft.com/developer/msbuild/2003">
  <ItemGroup>
    <CudaCompile Include="..\src\kernel.cu" />
  </ItemGroup>
  <ItemGroup>
    <ClCompile Include="..\src\main.cpp" />
    <ClCompile Include="..\src\cuda_error_check.cpp">
      <Filter>cuda</Filter>
    </ClCompile>
    <ClCompile Include="..\src\util_io.cpp">
      <Filter>util</Filter>
    </ClCompile>
    <ClCompile Include="..\src\main_basic_gl.cpp" />
  </ItemGroup>
  <ItemGroup>
    <Filter Include="cuda">
      <UniqueIdentifier>{76579388-caa3-4e1c-894e-99f6d84748ae}</UniqueIdentifier>
    </Filter>
    <Filter Include="util">
      <UniqueIdentifier>{ac0c5cee-30ae-4463-ac7b-41740c5127d5}</UniqueIdentifier>
    </Filter>
  </ItemGroup>
  <ItemGroup>
    <ClInclude Include="..\src\shader_tools.h" />
    <ClInclude Include="..\src\util_io.h">
      <Filter>util</Filter>
    </ClInclude>
    <ClInclude Include="..\src\cuda_error_check.h">
      <Filter>cuda</Filter>
    </ClInclude>
  </ItemGroup>
  <ItemGroup>
    <None Include="..\src\fragment_shader.glsl" />
    <None Include="..\src\vertex_shader.glsl" />
  </ItemGroup>
</Project>