<?xml version="1.0" encoding="utf-8"?>
<Project ToolsVersion="4.0" xmlns="http://schemas.microsoft.com/developer/msbuild/2003">
  <ItemGroup>
    <CudaCompile Include="..\src\kernel.cu" />
  </ItemGroup>
  <ItemGroup>
    <ClCompile Include="..\src\main.cpp" />
    <ClCompile Include="..\src\util_io.cpp">
      <Filter>util</Filter>
    </ClCompile>
    <ClCompile Include="..\src\main_basic_gl.cpp">
      <Filter>gl</Filter>
    </ClCompile>
  </ItemGroup>
  <ItemGroup>
    <Filter Include="cuda">
      <UniqueIdentifier>{76579388-caa3-4e1c-894e-99f6d84748ae}</UniqueIdentifier>
    </Filter>
    <Filter Include="util">
      <UniqueIdentifier>{ac0c5cee-30ae-4463-ac7b-41740c5127d5}</UniqueIdentifier>
    </Filter>
    <Filter Include="gl">
      <UniqueIdentifier>{4594f33d-215d-4e46-9de8-9e35adc453d7}</UniqueIdentifier>
    </Filter>
    <Filter Include="shaders">
      <UniqueIdentifier>{2bdebeb2-ed90-47c5-bf0d-7ad98de7bc05}</UniqueIdentifier>
    </Filter>
    <Filter Include="libs">
      <UniqueIdentifier>{407b3c17-4c98-4787-99ae-826368091690}</UniqueIdentifier>
    </Filter>
  </ItemGroup>
  <ItemGroup>
    <ClInclude Include="..\src\util_io.h">
      <Filter>util</Filter>
    </ClInclude>
    <ClInclude Include="..\src\cuda_error_check.h">
      <Filter>cuda</Filter>
    </ClInclude>
    <ClInclude Include="..\src\shader_tools.h" />
    <ClInclude Include="..\src\gl_tools.h">
      <Filter>gl</Filter>
    </ClInclude>
    <ClInclude Include="..\src\glfw_tools.h">
      <Filter>gl</Filter>
    </ClInclude>
    <ClInclude Include="..\src\shader_tools.h">
      <Filter>gl</Filter>
    </ClInclude>
    <ClInclude Include="..\src\cuda_util.h">
      <Filter>cuda</Filter>
    </ClInclude>
    <ClInclude Include="..\src\libs\stb_image.h">
      <Filter>libs</Filter>
    </ClInclude>
  </ItemGroup>
  <ItemGroup>
    <None Include="..\src\fragment_shader.glsl">
      <Filter>shaders</Filter>
    </None>
    <None Include="..\src\vertex_shader.glsl">
      <Filter>shaders</Filter>
    </None>
  </ItemGroup>
</Project>